
Microsoft Visual Studio Solution File, Format Version 12.00
# Visual Studio Version 17
VisualStudioVersion = 17.5.33414.496
MinimumVisualStudioVersion = 10.0.40219.1
Project("{9A19103F-16F7-4668-BE54-9A1E7A4F7556}") = "PizzaPrice", "PizzaPrice.csproj", "{71D3E415-5F81-4E10-B53C-C43276734DF0}"
EndProject
Project("{FAE04EC0-301F-11D3-BF4B-00C04F79EFBC}") = "PizzaPriceTests", "..\PizzaPriceTests\PizzaPriceTests.csproj", "{9FE18891-E2DB-495F-80AF-E8BB0D5E7F61}"
EndProject
Global
	GlobalSection(SolutionConfigurationPlatforms) = preSolution
		Debug|Any CPU = Debug|Any CPU
		Release|Any CPU = Release|Any CPU
	EndGlobalSection
	GlobalSection(ProjectConfigurationPlatforms) = postSolution
		{71D3E415-5F81-4E10-B53C-C43276734DF0}.Debug|Any CPU.ActiveCfg = Debug|Any CPU
		{71D3E415-5F81-4E10-B53C-C43276734DF0}.Debug|Any CPU.Build.0 = Debug|Any CPU
		{71D3E415-5F81-4E10-B53C-C43276734DF0}.Release|Any CPU.ActiveCfg = Release|Any CPU
		{71D3E415-5F81-4E10-B53C-C43276734DF0}.Release|Any CPU.Build.0 = Release|Any CPU
		{9FE18891-E2DB-495F-80AF-E8BB0D5E7F61}.Debug|Any CPU.ActiveCfg = Debug|Any CPU
		{9FE18891-E2DB-495F-80AF-E8BB0D5E7F61}.Debug|Any CPU.Build.0 = Debug|Any CPU
		{9FE18891-E2DB-495F-80AF-E8BB0D5E7F61}.Release|Any CPU.ActiveCfg = Release|Any CPU
		{9FE18891-E2DB-495F-80AF-E8BB0D5E7F61}.Release|Any CPU.Build.0 = Release|Any CPU
	EndGlobalSection
	GlobalSection(SolutionProperties) = preSolution
		HideSolutionNode = FALSE
	EndGlobalSection
	GlobalSection(ExtensibilityGlobals) = postSolution
		SolutionGuid = {0CB96257-6F6C-4950-A42F-4B04E0DC69C3}
	EndGlobalSection
EndGlobal
